
Microsoft Visual Studio Solution File, Format Version 12.00
# Visual Studio 15
Project("{FAE04EC0-301F-11D3-BF4B-00C04F79EFBC}") = "Assembly-CSharp", "Assembly-CSharp.csproj", "{BED0C178-74C3-CEB4-EDED-4D2E2B25A74B}"
EndProject
Global
	GlobalSection(SolutionConfigurationPlatforms) = preSolution
		Debug|Any CPU = Debug|Any CPU
		Release|Any CPU = Release|Any CPU
	EndGlobalSection
	GlobalSection(ProjectConfigurationPlatforms) = postSolution
		{BED0C178-74C3-CEB4-EDED-4D2E2B25A74B}.Debug|Any CPU.ActiveCfg = Debug|Any CPU
		{BED0C178-74C3-CEB4-EDED-4D2E2B25A74B}.Debug|Any CPU.Build.0 = Debug|Any CPU
		{BED0C178-74C3-CEB4-EDED-4D2E2B25A74B}.Release|Any CPU.ActiveCfg = Release|Any CPU
		{BED0C178-74C3-CEB4-EDED-4D2E2B25A74B}.Release|Any CPU.Build.0 = Release|Any CPU
	EndGlobalSection
	GlobalSection(SolutionProperties) = preSolution
		HideSolutionNode = FALSE
	EndGlobalSection
EndGlobal
